{
    "name": "vttClient",
    "version": "1.0.0",
    "lockfileVersion": 3,
    "requires": true,
    "packages": {
        "": {
            "name": "vttClient",
            "version": "1.0.0",
            "license": "ISC",
            "dependencies": {
                "drag-drop": "7.2.0",
                "ejs": "^3.1.9",
                "quill": "^2.0.3",
                "three": "^0.152.2"
            }
        },
        "node_modules/ansi-styles": {
            "version": "4.3.0",
            "resolved": "https://registry.npmjs.org/ansi-styles/-/ansi-styles-4.3.0.tgz",
            "integrity": "sha512-zbB9rCJAT1rbjiVDb2hqKFHNYLxgtk8NURxZ3IZwD3F6NtxbXZQCnnSi1Lkx+IDohdPlFp222wVALIheZJQSEg==",
            "dependencies": {
                "color-convert": "^2.0.1"
            },
            "engines": {
                "node": ">=8"
            },
            "funding": {
                "url": "https://github.com/chalk/ansi-styles?sponsor=1"
            }
        },
        "node_modules/async": {
            "version": "3.2.4",
            "resolved": "https://registry.npmjs.org/async/-/async-3.2.4.tgz",
            "integrity": "sha512-iAB+JbDEGXhyIUavoDl9WP/Jj106Kz9DEn1DPgYw5ruDn0e3Wgi3sKFm55sASdGBNOQB8F59d9qQ7deqrHA8wQ=="
        },
        "node_modules/balanced-match": {
            "version": "1.0.2",
            "resolved": "https://registry.npmjs.org/balanced-match/-/balanced-match-1.0.2.tgz",
            "integrity": "sha512-3oSeUO0TMV67hN1AmbXsK4yaqU7tjiHlbxRDZOpH0KW9+CeX4bRAaX0Anxt0tx2MrpRpWwQaPwIlISEJhYU5Pw=="
        },
        "node_modules/blob-to-buffer": {
            "version": "1.2.9",
            "resolved": "https://registry.npmjs.org/blob-to-buffer/-/blob-to-buffer-1.2.9.tgz",
            "integrity": "sha512-BF033y5fN6OCofD3vgHmNtwZWRcq9NLyyxyILx9hfMy1sXYy4ojFl765hJ2lP0YaN2fuxPaLO2Vzzoxy0FLFFA==",
            "funding": [
                {
                    "type": "github",
                    "url": "https://github.com/sponsors/feross"
                },
                {
                    "type": "patreon",
                    "url": "https://www.patreon.com/feross"
                },
                {
                    "type": "consulting",
                    "url": "https://feross.org/support"
                }
            ]
        },
        "node_modules/brace-expansion": {
            "version": "2.0.1",
            "resolved": "https://registry.npmjs.org/brace-expansion/-/brace-expansion-2.0.1.tgz",
            "integrity": "sha512-XnAIvQ8eM+kC6aULx6wuQiwVsnzsi9d3WxzV3FpWTGA19F621kwdbsAcFKXgKUHZWsy+mY6iL1sHTxWEFCytDA==",
            "dependencies": {
                "balanced-match": "^1.0.0"
            }
        },
        "node_modules/chalk": {
            "version": "4.1.2",
            "resolved": "https://registry.npmjs.org/chalk/-/chalk-4.1.2.tgz",
            "integrity": "sha512-oKnbhFyRIXpUuez8iBMmyEa4nbj4IOQyuhc/wy9kY7/WVPcwIO9VA668Pu8RkO7+0G76SLROeyw9CpQ061i4mA==",
            "dependencies": {
                "ansi-styles": "^4.1.0",
                "supports-color": "^7.1.0"
            },
            "engines": {
                "node": ">=10"
            },
            "funding": {
                "url": "https://github.com/chalk/chalk?sponsor=1"
            }
        },
        "node_modules/color-convert": {
            "version": "2.0.1",
            "resolved": "https://registry.npmjs.org/color-convert/-/color-convert-2.0.1.tgz",
            "integrity": "sha512-RRECPsj7iu/xb5oKYcsFHSppFNnsj/52OVTRKb4zP5onXwVF3zVmmToNcOfGC+CRDpfK/U584fMg38ZHCaElKQ==",
            "dependencies": {
                "color-name": "~1.1.4"
            },
            "engines": {
                "node": ">=7.0.0"
            }
        },
        "node_modules/color-name": {
            "version": "1.1.4",
            "resolved": "https://registry.npmjs.org/color-name/-/color-name-1.1.4.tgz",
            "integrity": "sha512-dOy+3AuW3a2wNbZHIuMZpTcgjGuLU/uBL/ubcZF9OXbDo8ff4O8yVp5Bf0efS8uEoYo5q4Fx7dY9OgQGXgAsQA=="
        },
        "node_modules/concat-map": {
            "version": "0.0.1",
            "resolved": "https://registry.npmjs.org/concat-map/-/concat-map-0.0.1.tgz",
            "integrity": "sha512-/Srv4dswyQNBfohGpz9o6Yb3Gz3SrUDqBH5rTuhGR7ahtlbYKnVxw2bCFMRljaA7EXHaXZ8wsHdodFvbkhKmqg=="
        },
        "node_modules/drag-drop": {
            "version": "7.2.0",
            "resolved": "https://registry.npmjs.org/drag-drop/-/drag-drop-7.2.0.tgz",
            "integrity": "sha512-cvCWy7I7zmKd82bpW5a6DivZ8BV02XtZRdC9+94kFhu2SzzOtzt7VXWmLClaqvJbkWNYc+onRilNxazao473Pw==",
            "funding": [
                {
                    "type": "github",
                    "url": "https://github.com/sponsors/feross"
                },
                {
                    "type": "patreon",
                    "url": "https://www.patreon.com/feross"
                },
                {
                    "type": "consulting",
                    "url": "https://feross.org/support"
                }
            ],
            "dependencies": {
                "blob-to-buffer": "^1.2.9",
                "run-parallel": "^1.2.0"
            }
        },
        "node_modules/ejs": {
            "version": "3.1.9",
            "resolved": "https://registry.npmjs.org/ejs/-/ejs-3.1.9.tgz",
            "integrity": "sha512-rC+QVNMJWv+MtPgkt0y+0rVEIdbtxVADApW9JXrUVlzHetgcyczP/E7DJmWJ4fJCZF2cPcBk0laWO9ZHMG3DmQ==",
            "dependencies": {
                "jake": "^10.8.5"
            },
            "bin": {
                "ejs": "bin/cli.js"
            },
            "engines": {
                "node": ">=0.10.0"
            }
        },
        "node_modules/eventemitter3": {
            "version": "5.0.1",
            "resolved": "https://registry.npmjs.org/eventemitter3/-/eventemitter3-5.0.1.tgz",
            "integrity": "sha512-GWkBvjiSZK87ELrYOSESUYeVIc9mvLLf/nXalMOS5dYrgZq9o5OVkbZAVM06CVxYsCwH9BDZFPlQTlPA1j4ahA=="
        },
        "node_modules/fast-diff": {
            "version": "1.3.0",
            "resolved": "https://registry.npmjs.org/fast-diff/-/fast-diff-1.3.0.tgz",
            "integrity": "sha512-VxPP4NqbUjj6MaAOafWeUn2cXWLcCtljklUtZf0Ind4XQ+QPtmA0b18zZy0jIQx+ExRVCR/ZQpBmik5lXshNsw=="
        },
        "node_modules/filelist": {
            "version": "1.0.4",
            "resolved": "https://registry.npmjs.org/filelist/-/filelist-1.0.4.tgz",
            "integrity": "sha512-w1cEuf3S+DrLCQL7ET6kz+gmlJdbq9J7yXCSjK/OZCPA+qEN1WyF4ZAf0YYJa4/shHJra2t/d/r8SV4Ji+x+8Q==",
            "dependencies": {
                "minimatch": "^5.0.1"
            }
        },
        "node_modules/filelist/node_modules/minimatch": {
            "version": "5.1.6",
            "resolved": "https://registry.npmjs.org/minimatch/-/minimatch-5.1.6.tgz",
            "integrity": "sha512-lKwV/1brpG6mBUFHtb7NUmtABCb2WZZmm2wNiOA5hAb8VdCS4B3dtMWyvcoViccwAW/COERjXLt0zP1zXUN26g==",
            "dependencies": {
                "brace-expansion": "^2.0.1"
            },
            "engines": {
                "node": ">=10"
            }
        },
        "node_modules/has-flag": {
            "version": "4.0.0",
            "resolved": "https://registry.npmjs.org/has-flag/-/has-flag-4.0.0.tgz",
            "integrity": "sha512-EykJT/Q1KjTWctppgIAgfSO0tKVuZUjhgMr17kqTumMl6Afv3EISleU7qZUzoXDFTAHTDC4NOoG/ZxU3EvlMPQ==",
            "engines": {
                "node": ">=8"
            }
        },
        "node_modules/jake": {
            "version": "10.8.5",
            "resolved": "https://registry.npmjs.org/jake/-/jake-10.8.5.tgz",
            "integrity": "sha512-sVpxYeuAhWt0OTWITwT98oyV0GsXyMlXCF+3L1SuafBVUIr/uILGRB+NqwkzhgXKvoJpDIpQvqkUALgdmQsQxw==",
            "dependencies": {
                "async": "^3.2.3",
                "chalk": "^4.0.2",
                "filelist": "^1.0.1",
                "minimatch": "^3.0.4"
            },
            "bin": {
                "jake": "bin/cli.js"
            },
            "engines": {
                "node": ">=10"
            }
        },
        "node_modules/lodash-es": {
            "version": "4.17.21",
            "resolved": "https://registry.npmjs.org/lodash-es/-/lodash-es-4.17.21.tgz",
            "integrity": "sha512-mKnC+QJ9pWVzv+C4/U3rRsHapFfHvQFoFB92e52xeyGMcX6/OlIl78je1u8vePzYZSkkogMPJ2yjxxsb89cxyw=="
        },
        "node_modules/lodash.clonedeep": {
            "version": "4.5.0",
            "resolved": "https://registry.npmjs.org/lodash.clonedeep/-/lodash.clonedeep-4.5.0.tgz",
            "integrity": "sha512-H5ZhCF25riFd9uB5UCkVKo61m3S/xZk1x4wA6yp/L3RFP6Z/eHH1ymQcGLo7J3GMPfm0V/7m1tryHuGVxpqEBQ=="
        },
        "node_modules/lodash.isequal": {
            "version": "4.5.0",
            "resolved": "https://registry.npmjs.org/lodash.isequal/-/lodash.isequal-4.5.0.tgz",
            "integrity": "sha512-pDo3lu8Jhfjqls6GkMgpahsF9kCyayhgykjyLMNFTKWrpVdAQtYyB4muAMWozBB4ig/dtWAmsMxLEI8wuz+DYQ=="
        },
        "node_modules/minimatch": {
            "version": "3.1.2",
            "resolved": "https://registry.npmjs.org/minimatch/-/minimatch-3.1.2.tgz",
            "integrity": "sha512-J7p63hRiAjw1NDEww1W7i37+ByIrOWO5XQQAzZ3VOcL0PNybwpfmV/N05zFAzwQ9USyEcX6t3UO+K5aqBQOIHw==",
            "dependencies": {
                "brace-expansion": "^1.1.7"
            },
            "engines": {
                "node": "*"
            }
        },
        "node_modules/minimatch/node_modules/brace-expansion": {
            "version": "1.1.11",
            "resolved": "https://registry.npmjs.org/brace-expansion/-/brace-expansion-1.1.11.tgz",
            "integrity": "sha512-iCuPHDFgrHX7H2vEI/5xpz07zSHB00TpugqhmYtVmMO6518mCuRMoOYFldEBl0g187ufozdaHgWKcYFb61qGiA==",
            "dependencies": {
                "balanced-match": "^1.0.0",
                "concat-map": "0.0.1"
            }
        },
        "node_modules/parchment": {
            "version": "3.0.0",
            "resolved": "https://registry.npmjs.org/parchment/-/parchment-3.0.0.tgz",
            "integrity": "sha512-HUrJFQ/StvgmXRcQ1ftY6VEZUq3jA2t9ncFN4F84J/vN0/FPpQF+8FKXb3l6fLces6q0uOHj6NJn+2xvZnxO6A=="
        },
        "node_modules/queue-microtask": {
            "version": "1.2.3",
            "resolved": "https://registry.npmjs.org/queue-microtask/-/queue-microtask-1.2.3.tgz",
            "integrity": "sha512-NuaNSa6flKT5JaSYQzJok04JzTL1CA6aGhv5rfLW3PgqA+M2ChpZQnAC8h8i4ZFkBS8X5RqkDBHA7r4hej3K9A==",
            "funding": [
                {
                    "type": "github",
                    "url": "https://github.com/sponsors/feross"
                },
                {
                    "type": "patreon",
                    "url": "https://www.patreon.com/feross"
                },
                {
                    "type": "consulting",
                    "url": "https://feross.org/support"
                }
            ]
        },
        "node_modules/quill": {
            "version": "2.0.3",
            "resolved": "https://registry.npmjs.org/quill/-/quill-2.0.3.tgz",
            "integrity": "sha512-xEYQBqfYx/sfb33VJiKnSJp8ehloavImQ2A6564GAbqG55PGw1dAWUn1MUbQB62t0azawUS2CZZhWCjO8gRvTw==",
            "dependencies": {
                "eventemitter3": "^5.0.1",
                "lodash-es": "^4.17.21",
                "parchment": "^3.0.0",
                "quill-delta": "^5.1.0"
            },
            "engines": {
                "npm": ">=8.2.3"
            }
        },
        "node_modules/quill-delta": {
            "version": "5.1.0",
            "resolved": "https://registry.npmjs.org/quill-delta/-/quill-delta-5.1.0.tgz",
            "integrity": "sha512-X74oCeRI4/p0ucjb5Ma8adTXd9Scumz367kkMK5V/IatcX6A0vlgLgKbzXWy5nZmCGeNJm2oQX0d2Eqj+ZIlCA==",
            "dependencies": {
                "fast-diff": "^1.3.0",
                "lodash.clonedeep": "^4.5.0",
                "lodash.isequal": "^4.5.0"
            },
            "engines": {
                "node": ">= 12.0.0"
            }
        },
        "node_modules/run-parallel": {
            "version": "1.2.0",
            "resolved": "https://registry.npmjs.org/run-parallel/-/run-parallel-1.2.0.tgz",
            "integrity": "sha512-5l4VyZR86LZ/lDxZTR6jqL8AFE2S0IFLMP26AbjsLVADxHdhB/c0GUsH+y39UfCi3dzz8OlQuPmnaJOMoDHQBA==",
            "funding": [
                {
                    "type": "github",
                    "url": "https://github.com/sponsors/feross"
                },
                {
                    "type": "patreon",
                    "url": "https://www.patreon.com/feross"
                },
                {
                    "type": "consulting",
                    "url": "https://feross.org/support"
                }
            ],
            "dependencies": {
                "queue-microtask": "^1.2.2"
            }
        },
        "node_modules/supports-color": {
            "version": "7.2.0",
            "resolved": "https://registry.npmjs.org/supports-color/-/supports-color-7.2.0.tgz",
            "integrity": "sha512-qpCAvRl9stuOHveKsn7HncJRvv501qIacKzQlO/+Lwxc9+0q2wLyv4Dfvt80/DPn2pqOBsJdDiogXGR9+OvwRw==",
            "dependencies": {
                "has-flag": "^4.0.0"
            },
            "engines": {
                "node": ">=8"
            }
        },
        "node_modules/three": {
            "version": "0.152.2",
            "resolved": "https://registry.npmjs.org/three/-/three-0.152.2.tgz",
            "integrity": "sha512-Ff9zIpSfkkqcBcpdiFo2f35vA9ZucO+N8TNacJOqaEE6DrB0eufItVMib8bK8Pcju/ZNT6a7blE1GhTpkdsILw=="
        }
    }
}
